
Microsoft Visual Studio Solution File, Format Version 12.00
# Visual Studio Version 17
VisualStudioVersion = 17.7.34221.43
MinimumVisualStudioVersion = 10.0.40219.1
Project("{FAE04EC0-301F-11D3-BF4B-00C04F79EFBC}") = "BjornsBookShop", "BjornsBookShop.csproj", "{3F849F3D-D817-45A1-ABC2-A619FF95832A}"
EndProject
Global
	GlobalSection(SolutionConfigurationPlatforms) = preSolution
		Debug|Any CPU = Debug|Any CPU
		Release|Any CPU = Release|Any CPU
	EndGlobalSection
	GlobalSection(ProjectConfigurationPlatforms) = postSolution
		{3F849F3D-D817-45A1-ABC2-A619FF95832A}.Debug|Any CPU.ActiveCfg = Debug|Any CPU
		{3F849F3D-D817-45A1-ABC2-A619FF95832A}.Debug|Any CPU.Build.0 = Debug|Any CPU
		{3F849F3D-D817-45A1-ABC2-A619FF95832A}.Release|Any CPU.ActiveCfg = Release|Any CPU
		{3F849F3D-D817-45A1-ABC2-A619FF95832A}.Release|Any CPU.Build.0 = Release|Any CPU
	EndGlobalSection
	GlobalSection(SolutionProperties) = preSolution
		HideSolutionNode = FALSE
	EndGlobalSection
	GlobalSection(ExtensibilityGlobals) = postSolution
		SolutionGuid = {6F6C3F2E-2565-495A-97BB-365878F41619}
	EndGlobalSection
EndGlobal
